
Microsoft Visual Studio Solution File, Format Version 12.00
# Visual Studio Version 17
VisualStudioVersion = 17.5.33502.453
MinimumVisualStudioVersion = 10.0.40219.1
Project("{FAE04EC0-301F-11D3-BF4B-00C04F79EFBC}") = "lab010", "lab010.csproj", "{7BBBA417-C044-4D0D-8AB6-DC9AA8D042F2}"
EndProject
Global
	GlobalSection(SolutionConfigurationPlatforms) = preSolution
		Debug|Any CPU = Debug|Any CPU
		Release|Any CPU = Release|Any CPU
	EndGlobalSection
	GlobalSection(ProjectConfigurationPlatforms) = postSolution
		{7BBBA417-C044-4D0D-8AB6-DC9AA8D042F2}.Debug|Any CPU.ActiveCfg = Debug|Any CPU
		{7BBBA417-C044-4D0D-8AB6-DC9AA8D042F2}.Debug|Any CPU.Build.0 = Debug|Any CPU
		{7BBBA417-C044-4D0D-8AB6-DC9AA8D042F2}.Release|Any CPU.ActiveCfg = Release|Any CPU
		{7BBBA417-C044-4D0D-8AB6-DC9AA8D042F2}.Release|Any CPU.Build.0 = Release|Any CPU
	EndGlobalSection
	GlobalSection(SolutionProperties) = preSolution
		HideSolutionNode = FALSE
	EndGlobalSection
	GlobalSection(ExtensibilityGlobals) = postSolution
		SolutionGuid = {33FE81A2-9115-4C2E-A27B-DFDAD9A97A0F}
	EndGlobalSection
EndGlobal
