
Microsoft Visual Studio Solution File, Format Version 12.00
# Visual Studio Version 17
VisualStudioVersion = 17.5.33502.453
MinimumVisualStudioVersion = 10.0.40219.1
Project("{FAE04EC0-301F-11D3-BF4B-00C04F79EFBC}") = "lab1003", "lab1003.csproj", "{4ABD91CB-410B-477C-AC88-66965EF55000}"
EndProject
Global
	GlobalSection(SolutionConfigurationPlatforms) = preSolution
		Debug|Any CPU = Debug|Any CPU
		Release|Any CPU = Release|Any CPU
	EndGlobalSection
	GlobalSection(ProjectConfigurationPlatforms) = postSolution
		{4ABD91CB-410B-477C-AC88-66965EF55000}.Debug|Any CPU.ActiveCfg = Debug|Any CPU
		{4ABD91CB-410B-477C-AC88-66965EF55000}.Debug|Any CPU.Build.0 = Debug|Any CPU
		{4ABD91CB-410B-477C-AC88-66965EF55000}.Release|Any CPU.ActiveCfg = Release|Any CPU
		{4ABD91CB-410B-477C-AC88-66965EF55000}.Release|Any CPU.Build.0 = Release|Any CPU
	EndGlobalSection
	GlobalSection(SolutionProperties) = preSolution
		HideSolutionNode = FALSE
	EndGlobalSection
	GlobalSection(ExtensibilityGlobals) = postSolution
		SolutionGuid = {9A97B4F9-322C-4357-93A7-407AD03EF814}
	EndGlobalSection
EndGlobal
