
Microsoft Visual Studio Solution File, Format Version 12.00
# Visual Studio Version 17
VisualStudioVersion = 17.5.33502.453
MinimumVisualStudioVersion = 10.0.40219.1
Project("{FAE04EC0-301F-11D3-BF4B-00C04F79EFBC}") = "lab0101", "lab0101.csproj", "{7CC61D08-9E4B-410E-9840-25AE4671336D}"
EndProject
Global
	GlobalSection(SolutionConfigurationPlatforms) = preSolution
		Debug|Any CPU = Debug|Any CPU
		Release|Any CPU = Release|Any CPU
	EndGlobalSection
	GlobalSection(ProjectConfigurationPlatforms) = postSolution
		{7CC61D08-9E4B-410E-9840-25AE4671336D}.Debug|Any CPU.ActiveCfg = Debug|Any CPU
		{7CC61D08-9E4B-410E-9840-25AE4671336D}.Debug|Any CPU.Build.0 = Debug|Any CPU
		{7CC61D08-9E4B-410E-9840-25AE4671336D}.Release|Any CPU.ActiveCfg = Release|Any CPU
		{7CC61D08-9E4B-410E-9840-25AE4671336D}.Release|Any CPU.Build.0 = Release|Any CPU
	EndGlobalSection
	GlobalSection(SolutionProperties) = preSolution
		HideSolutionNode = FALSE
	EndGlobalSection
	GlobalSection(ExtensibilityGlobals) = postSolution
		SolutionGuid = {984A6963-12A1-4548-BB08-F09F4F653ADA}
	EndGlobalSection
EndGlobal
